
Microsoft Visual Studio Solution File, Format Version 12.00
# Visual Studio Version 17
VisualStudioVersion = 17.9.34723.18
MinimumVisualStudioVersion = 10.0.40219.1
Project("{FAE04EC0-301F-11D3-BF4B-00C04F79EFBC}") = "AzerothConnect", "AzerothConnect.csproj", "{BAF62E32-FB8E-44D2-B140-37959B2FD5FF}"
EndProject
Global
	GlobalSection(SolutionConfigurationPlatforms) = preSolution
		Debug|Any CPU = Debug|Any CPU
		Release|Any CPU = Release|Any CPU
	EndGlobalSection
	GlobalSection(ProjectConfigurationPlatforms) = postSolution
		{BAF62E32-FB8E-44D2-B140-37959B2FD5FF}.Debug|Any CPU.ActiveCfg = Debug|Any CPU
		{BAF62E32-FB8E-44D2-B140-37959B2FD5FF}.Debug|Any CPU.Build.0 = Debug|Any CPU
		{BAF62E32-FB8E-44D2-B140-37959B2FD5FF}.Release|Any CPU.ActiveCfg = Release|Any CPU
		{BAF62E32-FB8E-44D2-B140-37959B2FD5FF}.Release|Any CPU.Build.0 = Release|Any CPU
	EndGlobalSection
	GlobalSection(SolutionProperties) = preSolution
		HideSolutionNode = FALSE
	EndGlobalSection
	GlobalSection(ExtensibilityGlobals) = postSolution
		SolutionGuid = {DEB2AE80-E8D5-401E-895F-D52E4C2A5759}
	EndGlobalSection
EndGlobal
